name: Download adblock source list

on:
  schedule:
    - cron: 0 */12 * * *
  workflow_dispatch:

jobs:
  build:
    runs-on: ubuntu-latest
    steps:
      - uses: actions/checkout@main
      - name: Download adblock list
        run: |
          echo "Downloading oisd big block list..."
          curl -s 'https://big.oisd.nl/domainswild' -o oisd_big_domainswild.txt
          awk '/^\*\./ && !x {print "# OpenClash AdBlock: https://github.com/hillz2/openclash_adblock \n\npayload:"; x=1} 1' oisd_big_domainswild.txt > oisd_big.yaml
          sed -i 's/^[*]\./  - DOMAIN-SUFFIX,/g' oisd_big.yaml
          rm -f oisd_big_domainswild.txt
      - name: Upload oisd_big.yaml to artifacts
        uses: actions/upload-artifact@v2
        with:
          name: oisd_big.yaml
          path: oisd_big.yaml
